<Solution>
	<Folder Name="/Solution Items/">
		<File Path=".gitignore" />
		<File Path=".gitattributes" />
		<File Path="README.md" />
	
		<File Path="Directory.Build.props" />
		<File Path="Directory.Packages.props" />
	</Folder>
	<Folder Name="/Main/">
		<Project Path="src/MyExecutable/MyExecutable.csproj" />
		<Project Path="src/MyLibrary/MyLibrary.csproj" />
	</Folder>
</Solution>